{
  "version": 4,
  "terraform_version": "1.10.2",
  "serial": 79,
  "lineage": "c6da0a51-4628-6462-35ee-3e2611ac5d35",
  "outputs": {},
  "resources": [
    {
      "mode": "managed",
      "type": "libvirt_domain",
      "name": "node0",
      "provider": "provider[\"registry.terraform.io/dmacvicar/libvirt\"]",
      "instances": [
        {
          "status": "tainted",
          "schema_version": 0,
          "attributes": {
            "arch": null,
            "autostart": null,
            "boot_device": [
              {
                "dev": [
                  "cdrom",
                  "hd"
                ]
              }
            ],
            "cloudinit": null,
            "cmdline": null,
            "console": [],
            "coreos_ignition": null,
            "cpu": [
              {
                "mode": "host-passthrough"
              }
            ],
            "description": null,
            "disk": [
              {
                "block_device": "",
                "file": "",
                "scsi": false,
                "url": "",
                "volume_id": "/vmdisks/node0.qcow2",
                "wwn": ""
              },
              {
                "block_device": "",
                "file": "",
                "scsi": false,
                "url": "",
                "volume_id": "/vmdisks/archlinux-2024.08.01-x86_64.iso",
                "wwn": ""
              }
            ],
            "emulator": null,
            "filesystem": [],
            "firmware": "/usr/share/edk2/x64/OVMF_CODE.4m.fd",
            "fw_cfg_name": "opt/com.coreos/config",
            "graphics": [
              {
                "autoport": true,
                "listen_address": "0.0.0.0",
                "listen_type": "address",
                "type": "vnc",
                "websocket": 0
              }
            ],
            "id": "ce2c26b8-2243-4830-8539-83a43622db28",
            "initrd": null,
            "kernel": null,
            "machine": "q35",
            "memory": 1024,
            "metadata": null,
            "name": "node0",
            "network_interface": [
              {
                "addresses": [],
                "bridge": "",
                "hostname": "",
                "mac": "",
                "macvtap": "",
                "network_id": "e929708e-fe21-4386-9939-70f8c3a2eaa3",
                "network_name": "",
                "passthrough": "",
                "vepa": "",
                "wait_for_lease": true
              }
            ],
            "nvram": [
              {
                "file": "/var/lib/libvirt/qemu/nvram/node0_VARS.fd",
                "template": "/usr/share/edk2/x64/OVMF_VARS.4m.fd"
              }
            ],
            "qemu_agent": false,
            "running": true,
            "timeouts": null,
            "tpm": [],
            "type": "kvm",
            "vcpu": 1,
            "video": [
              {
                "type": "virtio"
              }
            ],
            "xml": [
              {
                "xslt": "\u003c?xml version=\"1.0\" ?\u003e\n\u003cxsl:stylesheet version=\"1.0\" xmlns:xsl=\"http://www.w3.org/1999/XSL/Transform\"\u003e\n  \u003cxsl:template match=\"/domain/os\"\u003e\n    \u003cxsl:copy\u003e\n      \u003cxsl:apply-templates select=\"@*|node()\"/\u003e\n      \u003cloader readonly=\"yes\" type=\"pflash\"\u003e/usr/share/ovmf/x64/OVMF_CODE.fd\u003c/loader\u003e\n      \u003cnvram\u003e/var/lib/libvirt/qemu/nvram/node0_VARS.fd\u003c/nvram\u003e\n    \u003c/xsl:copy\u003e\n  \u003c/xsl:template\u003e\n  \u003cxsl:template match=\"@*|node()\"\u003e\n    \u003cxsl:copy\u003e\n      \u003cxsl:apply-templates select=\"@*|node()\"/\u003e\n    \u003c/xsl:copy\u003e\n  \u003c/xsl:template\u003e\n\u003c/xsl:stylesheet\u003e\n"
              }
            ]
          },
          "sensitive_attributes": [],
          "private": "eyJlMmJmYjczMC1lY2FhLTExZTYtOGY4OC0zNDM2M2JjN2M0YzAiOnsiY3JlYXRlIjozMDAwMDAwMDAwMDB9fQ==",
          "dependencies": [
            "libvirt_network.devsecops2",
            "libvirt_pool.vmdisks",
            "libvirt_volume.arch_iso",
            "libvirt_volume.node0_disk"
          ]
        }
      ]
    },
    {
      "mode": "managed",
      "type": "libvirt_network",
      "name": "devsecops2",
      "provider": "provider[\"registry.terraform.io/dmacvicar/libvirt\"]",
      "instances": [
        {
          "schema_version": 0,
          "attributes": {
            "addresses": [
              "192.168.123.0/24",
              "2001:db8:ca2:2::/64"
            ],
            "autostart": true,
            "bridge": "virbr1",
            "dhcp": [
              {
                "enabled": true
              }
            ],
            "dns": [
              {
                "enabled": true,
                "forwarders": [],
                "hosts": [],
                "local_only": true,
                "srvs": []
              }
            ],
            "dnsmasq_options": [],
            "domain": "devsecops2.local",
            "id": "e929708e-fe21-4386-9939-70f8c3a2eaa3",
            "mode": "nat",
            "mtu": null,
            "name": "devsecops2",
            "routes": [],
            "xml": []
          },
          "sensitive_attributes": [],
          "private": "bnVsbA=="
        }
      ]
    },
    {
      "mode": "managed",
      "type": "libvirt_pool",
      "name": "vmdisks",
      "provider": "provider[\"registry.terraform.io/dmacvicar/libvirt\"]",
      "instances": [
        {
          "schema_version": 0,
          "attributes": {
            "allocation": 149280890880,
            "available": 100565069824,
            "capacity": 249845960704,
            "id": "7e9a7e33-7005-4a2f-8c9d-bc11d80f35e1",
            "name": "vmdisks",
            "path": null,
            "source": [],
            "target": [
              {
                "path": "/vmdisks"
              }
            ],
            "type": "dir",
            "xml": []
          },
          "sensitive_attributes": [],
          "private": "bnVsbA=="
        }
      ]
    },
    {
      "mode": "managed",
      "type": "libvirt_volume",
      "name": "arch_iso",
      "provider": "provider[\"registry.terraform.io/dmacvicar/libvirt\"]",
      "instances": [
        {
          "schema_version": 0,
          "attributes": {
            "base_volume_id": null,
            "base_volume_name": null,
            "base_volume_pool": null,
            "format": "iso",
            "id": "/vmdisks/archlinux-2024.08.01-x86_64.iso",
            "name": "archlinux-2024.08.01-x86_64.iso",
            "pool": "vmdisks",
            "size": 1182826496,
            "source": "/var/lib/libvirt/images/archlinux-2024.08.01-x86_64.iso",
            "xml": []
          },
          "sensitive_attributes": [],
          "private": "bnVsbA==",
          "dependencies": [
            "libvirt_pool.vmdisks"
          ]
        }
      ]
    },
    {
      "mode": "managed",
      "type": "libvirt_volume",
      "name": "node0_disk",
      "provider": "provider[\"registry.terraform.io/dmacvicar/libvirt\"]",
      "instances": [
        {
          "schema_version": 0,
          "attributes": {
            "base_volume_id": null,
            "base_volume_name": null,
            "base_volume_pool": null,
            "format": "qcow2",
            "id": "/vmdisks/node0.qcow2",
            "name": "node0.qcow2",
            "pool": "vmdisks",
            "size": 32212254720,
            "source": null,
            "xml": []
          },
          "sensitive_attributes": [],
          "private": "bnVsbA==",
          "dependencies": [
            "libvirt_pool.vmdisks"
          ]
        }
      ]
    }
  ],
  "check_results": null
}
