{
  "version": 4,
  "terraform_version": "1.10.2",
  "serial": 51,
  "lineage": "c6da0a51-4628-6462-35ee-3e2611ac5d35",
  "outputs": {},
  "resources": [
    {
      "mode": "managed",
      "type": "libvirt_network",
      "name": "devsecops2",
      "provider": "provider[\"registry.terraform.io/dmacvicar/libvirt\"]",
      "instances": [
        {
          "schema_version": 0,
          "attributes": {
            "addresses": [
              "192.168.123.0/24",
              "2001:db8:ca2:2::/64"
            ],
            "autostart": true,
            "bridge": "virbr1",
            "dhcp": [
              {
                "enabled": true
              }
            ],
            "dns": [
              {
                "enabled": true,
                "forwarders": [],
                "hosts": [],
                "local_only": true,
                "srvs": []
              }
            ],
            "dnsmasq_options": [],
            "domain": "devsecops2.local",
            "id": "702e92b3-68f4-433e-90c3-13657fd0e788",
            "mode": "nat",
            "mtu": null,
            "name": "devsecops2",
            "routes": [],
            "xml": []
          },
          "sensitive_attributes": [],
          "private": "bnVsbA=="
        }
      ]
    },
    {
      "mode": "managed",
      "type": "libvirt_pool",
      "name": "sysimg",
      "provider": "provider[\"registry.terraform.io/dmacvicar/libvirt\"]",
      "instances": [
        {
          "schema_version": 0,
          "attributes": {
            "allocation": 147680301056,
            "available": 102165659648,
            "capacity": 249845960704,
            "id": "f79aa16e-dd0f-466c-98f4-b1baded98281",
            "name": "sysimg",
            "path": null,
            "source": [],
            "target": [
              {
                "path": "/var/lib/libvirt/images/more"
              }
            ],
            "type": "dir",
            "xml": []
          },
          "sensitive_attributes": [],
          "private": "bnVsbA=="
        }
      ]
    },
    {
      "mode": "managed",
      "type": "libvirt_volume",
      "name": "arch_iso",
      "provider": "provider[\"registry.terraform.io/dmacvicar/libvirt\"]",
      "instances": [
        {
          "schema_version": 0,
          "attributes": {
            "base_volume_id": null,
            "base_volume_name": null,
            "base_volume_pool": null,
            "format": "iso",
            "id": "/var/lib/libvirt/images/more/archlinux-2024.08.01-x86_64.iso",
            "name": "archlinux-2024.08.01-x86_64.iso",
            "pool": "sysimg",
            "size": 1182826496,
            "source": "/var/lib/libvirt/images/archlinux-2024.08.01-x86_64.iso",
            "xml": []
          },
          "sensitive_attributes": [],
          "private": "bnVsbA==",
          "dependencies": [
            "libvirt_pool.sysimg"
          ]
        }
      ]
    },
    {
      "mode": "managed",
      "type": "libvirt_volume",
      "name": "node0_disk",
      "provider": "provider[\"registry.terraform.io/dmacvicar/libvirt\"]",
      "instances": [
        {
          "schema_version": 0,
          "attributes": {
            "base_volume_id": null,
            "base_volume_name": null,
            "base_volume_pool": null,
            "format": "qcow2",
            "id": "/var/lib/libvirt/images/more/node1.qcow2",
            "name": "node1.qcow2",
            "pool": "sysimg",
            "size": 32212254720,
            "source": null,
            "xml": []
          },
          "sensitive_attributes": [],
          "private": "bnVsbA==",
          "dependencies": [
            "libvirt_pool.sysimg"
          ]
        }
      ]
    }
  ],
  "check_results": null
}
